<?xml version="1.0" encoding="UTF-8" standalone="yes" ?>
<CodeBlocks_project_file>
	<FileVersion major="1" minor="6" />
	<Project>
		<Option title="stm32f103xx_ProjTemplate_cb" />
		<Option pch_mode="2" />
		<Option compiler="arm-elf-gcc" />
		<Build>
			<Target title="Release">
				<Option output="bin/Release/stm32f103xx_ProjTemplate_cb" prefix_auto="1" extension_auto="1" />
				<Option object_output="obj/Release/" />
				<Option type="1" />
				<Option compiler="arm-elf-gcc" />
				<Compiler>
					<Add option="-mthumb -mcpu=cortex-m3 -std=gnu11" />
					<Add option="-Os -ffunction-sections -fdata-sections -g -fstack-usage -Wall -specs=nano.specs" />
					<Add option="-DSTM32F103xB" />
					<Add option="-DUSE_HAL_DRIVER" />
				</Compiler>
				<Linker>
					<Add option="-s" />
					<Add option="-mthumb -mcpu=cortex-m3" />
					<Add option="-T ${PROJECTDIR}/Drivers/CMSIS/STM32F103XB_FLASH.ld" />
					<Add option="-specs=nosys.specs -static -Wl,-cref -Wl,-Map=main.map" />
					<Add option="-Wl,--gc-sections -Wl,--defsym=malloc_getpagesize_P=0x80" />
					<Add option="-Wl,--start-group -lc -lm -Wl,--end-group -specs=nano.specs" />
					<Add option="-o main.elf" />
				</Linker>
			</Target>
		</Build>
		<Compiler>
			<Add option="-Wall" />
			<Add directory="../../STM32f1FW/Drivers/HAL/Inc" />
			<Add directory="../../STM32f1FW/Drivers/CMSIS/Device/Include" />
			<Add directory="../../STM32f1FW/Drivers/CMSIS/Include" />
			<Add directory="../../gcc-arm/lib/gcc/arm-none-eabi/7.2.1/include-fixed" />
			<Add directory="../../gcc-arm/lib/gcc/arm-none-eabi/7.2.1/include" />
			<Add directory="../../gcc-arm/arm-none-eabi/include" />
		</Compiler>
		<ExtraCommands>
			<Add after="arm-none-eabi-objcopy -O ihex main.elf $(TARGET_OUTPUT_DIR)$(TARGET_OUTPUT_BASENAME).hex" />
		</ExtraCommands>
		<Unit filename="Drivers/CMSIS/startup_stm32f103xb.s" />
		<Unit filename="Drivers/CMSIS/system_stm32f1xx.c">
			<Option compilerVar="CC" />
		</Unit>
		<Unit filename="Drivers/HAL/stm32f1xx_hal.c">
			<Option compilerVar="CC" />
		</Unit>
		<Unit filename="Drivers/HAL/stm32f1xx_hal_adc.c">
			<Option compilerVar="CC" />
		</Unit>
		<Unit filename="Drivers/HAL/stm32f1xx_hal_adc_ex.c">
			<Option compilerVar="CC" />
		</Unit>
		<Unit filename="Drivers/HAL/stm32f1xx_hal_cortex.c">
			<Option compilerVar="CC" />
		</Unit>
		<Unit filename="Drivers/HAL/stm32f1xx_hal_flash.c">
			<Option compilerVar="CC" />
		</Unit>
		<Unit filename="Drivers/HAL/stm32f1xx_hal_flash_ex.c">
			<Option compilerVar="CC" />
		</Unit>
		<Unit filename="Drivers/HAL/stm32f1xx_hal_gpio.c">
			<Option compilerVar="CC" />
		</Unit>
		<Unit filename="Drivers/HAL/stm32f1xx_hal_i2c.c">
			<Option compilerVar="CC" />
		</Unit>
		<Unit filename="Drivers/HAL/stm32f1xx_hal_iwdg.c">
			<Option compilerVar="CC" />
		</Unit>
		<Unit filename="Drivers/HAL/stm32f1xx_hal_rcc.c">
			<Option compilerVar="CC" />
		</Unit>
		<Unit filename="Drivers/HAL/stm32f1xx_hal_rcc_ex.c">
			<Option compilerVar="CC" />
		</Unit>
		<Unit filename="Drivers/HAL/stm32f1xx_hal_rtc.c">
			<Option compilerVar="CC" />
		</Unit>
		<Unit filename="Drivers/HAL/stm32f1xx_hal_spi.c">
			<Option compilerVar="CC" />
		</Unit>
		<Unit filename="Drivers/HAL/stm32f1xx_hal_spi_ex.c">
			<Option compilerVar="CC" />
		</Unit>
		<Unit filename="Drivers/HAL/stm32f1xx_hal_tim.c">
			<Option compilerVar="CC" />
		</Unit>
		<Unit filename="Drivers/HAL/stm32f1xx_hal_uart.c">
			<Option compilerVar="CC" />
		</Unit>
		<Unit filename="Drivers/LCD/Fonts/font12.c">
			<Option compilerVar="CC" />
		</Unit>
		<Unit filename="Drivers/LCD/Fonts/font16.c">
			<Option compilerVar="CC" />
		</Unit>
		<Unit filename="Drivers/LCD/Fonts/font20.c">
			<Option compilerVar="CC" />
		</Unit>
		<Unit filename="Drivers/LCD/Fonts/font24.c">
			<Option compilerVar="CC" />
		</Unit>
		<Unit filename="Drivers/LCD/Fonts/font8.c">
			<Option compilerVar="CC" />
		</Unit>
		<Unit filename="Drivers/LCD/Fonts/fonts.h" />
		<Unit filename="Drivers/LCD/lcd.h" />
		<Unit filename="Drivers/LCD/st7735.c">
			<Option compilerVar="CC" />
		</Unit>
		<Unit filename="Drivers/LCD/st7735.h" />
		<Unit filename="Drivers/LCD/stm32_adafruit_lcd.c">
			<Option compilerVar="CC" />
		</Unit>
		<Unit filename="Drivers/LCD/stm32_adafruit_lcd.h" />
		<Unit filename="main.c">
			<Option compilerVar="CC" />
		</Unit>
		<Unit filename="stm32_lib_Util.c">
			<Option compilerVar="CC" />
		</Unit>
		<Unit filename="stm32_lib_Util.h" />
		<Unit filename="stm32f103xx_Delay.c">
			<Option compilerVar="CC" />
		</Unit>
		<Unit filename="stm32f103xx_Delay.h" />
		<Unit filename="stm32f103xx_ProjSetup.c">
			<Option compilerVar="CC" />
		</Unit>
		<Unit filename="stm32f103xx_ProjSetup.h" />
		<Unit filename="stm32f1xx_it.c">
			<Option compilerVar="CC" />
		</Unit>
		<Unit filename="stm32f1xx_it.h" />
		<Extensions>
			<code_completion />
			<envvars />
			<debugger />
		</Extensions>
	</Project>
</CodeBlocks_project_file>
